
Microsoft Visual Studio Solution File, Format Version 12.00
# Visual Studio Version 17
VisualStudioVersion = 17.11.35312.102
MinimumVisualStudioVersion = 10.0.40219.1
Project("{FAE04EC0-301F-11D3-BF4B-00C04F79EFBC}") = "WebApplication_OOP", "WebApplication_OOP.csproj", "{9CF61FCA-B3A2-462C-A597-BB70A17F4B75}"
EndProject
Global
	GlobalSection(SolutionConfigurationPlatforms) = preSolution
		Debug|Any CPU = Debug|Any CPU
		Release|Any CPU = Release|Any CPU
	EndGlobalSection
	GlobalSection(ProjectConfigurationPlatforms) = postSolution
		{9CF61FCA-B3A2-462C-A597-BB70A17F4B75}.Debug|Any CPU.ActiveCfg = Debug|Any CPU
		{9CF61FCA-B3A2-462C-A597-BB70A17F4B75}.Debug|Any CPU.Build.0 = Debug|Any CPU
		{9CF61FCA-B3A2-462C-A597-BB70A17F4B75}.Release|Any CPU.ActiveCfg = Release|Any CPU
		{9CF61FCA-B3A2-462C-A597-BB70A17F4B75}.Release|Any CPU.Build.0 = Release|Any CPU
	EndGlobalSection
	GlobalSection(SolutionProperties) = preSolution
		HideSolutionNode = FALSE
	EndGlobalSection
	GlobalSection(ExtensibilityGlobals) = postSolution
		SolutionGuid = {3922A4A0-4737-41AB-A628-EC225FA226DA}
	EndGlobalSection
EndGlobal
